Microsoft Visual Studio Solution File, Format Version 12.00
# Visual Studio Version 17
VisualStudioVersion = 17.11.34909.67
MinimumVisualStudioVersion = 10.0.40219.1
Project("{9A19103F-16F7-4668-BE54-9A1E7A4F7556}") = "Merthsoft.Decopolis", "Merthsoft.Decopolis.csproj", "{8619FBEF-BE7D-4C68-B6E2-E8DBBC15FE1C}"
EndProject
Project("{9A19103F-16F7-4668-BE54-9A1E7A4F7556}") = "Merthsoft.DynamicConfig", "Merthsoft.DynamicConfig\Merthsoft.DynamicConfig\Merthsoft.DynamicConfig.csproj", "{588035AE-B8E0-4C3B-AF4F-E527CB7C79E4}"
EndProject
Global
	GlobalSection(SolutionConfigurationPlatforms) = preSolution
		Debug|Any CPU = Debug|Any CPU
		Debug|Mixed Platforms = Debug|Mixed Platforms
		Debug|x86 = Debug|x86
		Release|Any CPU = Release|Any CPU
		Release|Mixed Platforms = Release|Mixed Platforms
		Release|x86 = Release|x86
	EndGlobalSection
	GlobalSection(ProjectConfigurationPlatforms) = postSolution
		{8619FBEF-BE7D-4C68-B6E2-E8DBBC15FE1C}.Debug|Any CPU.ActiveCfg = Debug|Any CPU
		{8619FBEF-BE7D-4C68-B6E2-E8DBBC15FE1C}.Debug|Any CPU.Build.0 = Debug|Any CPU
		{8619FBEF-BE7D-4C68-B6E2-E8DBBC15FE1C}.Debug|Mixed Platforms.ActiveCfg = Debug|Any CPU
		{8619FBEF-BE7D-4C68-B6E2-E8DBBC15FE1C}.Debug|Mixed Platforms.Build.0 = Debug|Any CPU
		{8619FBEF-BE7D-4C68-B6E2-E8DBBC15FE1C}.Debug|x86.ActiveCfg = Debug|Any CPU
		{8619FBEF-BE7D-4C68-B6E2-E8DBBC15FE1C}.Debug|x86.Build.0 = Debug|Any CPU
		{8619FBEF-BE7D-4C68-B6E2-E8DBBC15FE1C}.Release|Any CPU.ActiveCfg = Release|Any CPU
		{8619FBEF-BE7D-4C68-B6E2-E8DBBC15FE1C}.Release|Any CPU.Build.0 = Release|Any CPU
		{8619FBEF-BE7D-4C68-B6E2-E8DBBC15FE1C}.Release|Mixed Platforms.ActiveCfg = Release|Any CPU
		{8619FBEF-BE7D-4C68-B6E2-E8DBBC15FE1C}.Release|Mixed Platforms.Build.0 = Release|Any CPU
		{8619FBEF-BE7D-4C68-B6E2-E8DBBC15FE1C}.Release|x86.ActiveCfg = Release|Any CPU
		{8619FBEF-BE7D-4C68-B6E2-E8DBBC15FE1C}.Release|x86.Build.0 = Release|Any CPU
		{588035AE-B8E0-4C3B-AF4F-E527CB7C79E4}.Debug|Any CPU.ActiveCfg = Debug|Any CPU
		{588035AE-B8E0-4C3B-AF4F-E527CB7C79E4}.Debug|Any CPU.Build.0 = Debug|Any CPU
		{588035AE-B8E0-4C3B-AF4F-E527CB7C79E4}.Debug|Mixed Platforms.ActiveCfg = Debug|Any CPU
		{588035AE-B8E0-4C3B-AF4F-E527CB7C79E4}.Debug|Mixed Platforms.Build.0 = Debug|Any CPU
		{588035AE-B8E0-4C3B-AF4F-E527CB7C79E4}.Debug|x86.ActiveCfg = Debug|Any CPU
		{588035AE-B8E0-4C3B-AF4F-E527CB7C79E4}.Debug|x86.Build.0 = Debug|Any CPU
		{588035AE-B8E0-4C3B-AF4F-E527CB7C79E4}.Release|Any CPU.ActiveCfg = Release|Any CPU
		{588035AE-B8E0-4C3B-AF4F-E527CB7C79E4}.Release|Any CPU.Build.0 = Release|Any CPU
		{588035AE-B8E0-4C3B-AF4F-E527CB7C79E4}.Release|Mixed Platforms.ActiveCfg = Release|Any CPU
		{588035AE-B8E0-4C3B-AF4F-E527CB7C79E4}.Release|Mixed Platforms.Build.0 = Release|Any CPU
		{588035AE-B8E0-4C3B-AF4F-E527CB7C79E4}.Release|x86.ActiveCfg = Release|Any CPU
		{588035AE-B8E0-4C3B-AF4F-E527CB7C79E4}.Release|x86.Build.0 = Release|Any CPU
	EndGlobalSection
	GlobalSection(SolutionProperties) = preSolution
		HideSolutionNode = FALSE
	EndGlobalSection
	GlobalSection(ExtensibilityGlobals) = postSolution
		SolutionGuid = {AF70BFCE-C5CB-4B5C-AA11-A7D88AB3DB99}
	EndGlobalSection
EndGlobal
